
Microsoft Visual Studio Solution File, Format Version 12.00
# Visual Studio Version 16
VisualStudioVersion = 16.0.30406.217
MinimumVisualStudioVersion = 15.0.26124.0
Project("{9A19103F-16F7-4668-BE54-9A1E7A4F7556}") = "ECommerceProject", "ECommerceProject.csproj", "{3B148A18-1C29-471F-8308-4A1133B3F126}"
EndProject
Project("{9A19103F-16F7-4668-BE54-9A1E7A4F7556}") = "ECommerceProject.Tests", "..\ECommerceProject.Tests\ECommerceProject.Tests.csproj", "{DA0BE97A-16A0-4B29-8C0B-9F2B2C62D051}"
EndProject
Global
	GlobalSection(SolutionConfigurationPlatforms) = preSolution
		Debug|Any CPU = Debug|Any CPU
		Debug|x64 = Debug|x64
		Debug|x86 = Debug|x86
		Release|Any CPU = Release|Any CPU
		Release|x64 = Release|x64
		Release|x86 = Release|x86
	EndGlobalSection
	GlobalSection(ProjectConfigurationPlatforms) = postSolution
		{3B148A18-1C29-471F-8308-4A1133B3F126}.Debug|Any CPU.ActiveCfg = Debug|Any CPU
		{3B148A18-1C29-471F-8308-4A1133B3F126}.Debug|Any CPU.Build.0 = Debug|Any CPU
		{3B148A18-1C29-471F-8308-4A1133B3F126}.Debug|x64.ActiveCfg = Debug|Any CPU
		{3B148A18-1C29-471F-8308-4A1133B3F126}.Debug|x64.Build.0 = Debug|Any CPU
		{3B148A18-1C29-471F-8308-4A1133B3F126}.Debug|x86.ActiveCfg = Debug|Any CPU
		{3B148A18-1C29-471F-8308-4A1133B3F126}.Debug|x86.Build.0 = Debug|Any CPU
		{3B148A18-1C29-471F-8308-4A1133B3F126}.Release|Any CPU.ActiveCfg = Release|Any CPU
		{3B148A18-1C29-471F-8308-4A1133B3F126}.Release|Any CPU.Build.0 = Release|Any CPU
		{3B148A18-1C29-471F-8308-4A1133B3F126}.Release|x64.ActiveCfg = Release|Any CPU
		{3B148A18-1C29-471F-8308-4A1133B3F126}.Release|x64.Build.0 = Release|Any CPU
		{3B148A18-1C29-471F-8308-4A1133B3F126}.Release|x86.ActiveCfg = Release|Any CPU
		{3B148A18-1C29-471F-8308-4A1133B3F126}.Release|x86.Build.0 = Release|Any CPU
		{DA0BE97A-16A0-4B29-8C0B-9F2B2C62D051}.Debug|Any CPU.ActiveCfg = Debug|Any CPU
		{DA0BE97A-16A0-4B29-8C0B-9F2B2C62D051}.Debug|Any CPU.Build.0 = Debug|Any CPU
		{DA0BE97A-16A0-4B29-8C0B-9F2B2C62D051}.Debug|x64.ActiveCfg = Debug|Any CPU
		{DA0BE97A-16A0-4B29-8C0B-9F2B2C62D051}.Debug|x64.Build.0 = Debug|Any CPU
		{DA0BE97A-16A0-4B29-8C0B-9F2B2C62D051}.Debug|x86.ActiveCfg = Debug|Any CPU
		{DA0BE97A-16A0-4B29-8C0B-9F2B2C62D051}.Debug|x86.Build.0 = Debug|Any CPU
		{DA0BE97A-16A0-4B29-8C0B-9F2B2C62D051}.Release|Any CPU.ActiveCfg = Release|Any CPU
		{DA0BE97A-16A0-4B29-8C0B-9F2B2C62D051}.Release|Any CPU.Build.0 = Release|Any CPU
		{DA0BE97A-16A0-4B29-8C0B-9F2B2C62D051}.Release|x64.ActiveCfg = Release|Any CPU
		{DA0BE97A-16A0-4B29-8C0B-9F2B2C62D051}.Release|x64.Build.0 = Release|Any CPU
		{DA0BE97A-16A0-4B29-8C0B-9F2B2C62D051}.Release|x86.ActiveCfg = Release|Any CPU
		{DA0BE97A-16A0-4B29-8C0B-9F2B2C62D051}.Release|x86.Build.0 = Release|Any CPU
	EndGlobalSection
	GlobalSection(SolutionProperties) = preSolution
		HideSolutionNode = FALSE
	EndGlobalSection
	GlobalSection(ExtensibilityGlobals) = postSolution
		SolutionGuid = {BCD7445D-651D-494D-8183-CD0382D4CFC0}
	EndGlobalSection
EndGlobal
